
Microsoft Visual Studio Solution File, Format Version 12.00
# Visual Studio Version 16
VisualStudioVersion = 16.0.33801.447
MinimumVisualStudioVersion = 10.0.40219.1
Project("{FAE04EC0-301F-11D3-BF4B-00C04F79EFBC}") = "PM02_020_Chizhenko", "PM02_020_Chizhenko\PM02_020_Chizhenko.csproj", "{446E28B6-EA73-440C-AC90-03818E97A03D}"
EndProject
Global
	GlobalSection(SolutionConfigurationPlatforms) = preSolution
		Debug|Any CPU = Debug|Any CPU
		Release|Any CPU = Release|Any CPU
	EndGlobalSection
	GlobalSection(ProjectConfigurationPlatforms) = postSolution
		{446E28B6-EA73-440C-AC90-03818E97A03D}.Debug|Any CPU.ActiveCfg = Debug|Any CPU
		{446E28B6-EA73-440C-AC90-03818E97A03D}.Debug|Any CPU.Build.0 = Debug|Any CPU
		{446E28B6-EA73-440C-AC90-03818E97A03D}.Release|Any CPU.ActiveCfg = Release|Any CPU
		{446E28B6-EA73-440C-AC90-03818E97A03D}.Release|Any CPU.Build.0 = Release|Any CPU
	EndGlobalSection
	GlobalSection(SolutionProperties) = preSolution
		HideSolutionNode = FALSE
	EndGlobalSection
	GlobalSection(ExtensibilityGlobals) = postSolution
		SolutionGuid = {9E34068D-6CC6-44A4-8605-9AB879126E97}
	EndGlobalSection
EndGlobal
